
Microsoft Visual Studio Solution File, Format Version 12.00
# Visual Studio Version 16
VisualStudioVersion = 16.0.34301.259
MinimumVisualStudioVersion = 10.0.40219.1
Project("{FAE04EC0-301F-11D3-BF4B-00C04F79EFBC}") = "trelloclone", "trelloclone\trelloclone.csproj", "{918B4E2F-71BE-470A-890E-A4BDCFC9392D}"
EndProject
Project("{FAE04EC0-301F-11D3-BF4B-00C04F79EFBC}") = "ui", "ui\ui.csproj", "{53F142D9-8515-4F6D-BE0C-BBA42BF12E19}"
EndProject
Global
	GlobalSection(SolutionConfigurationPlatforms) = preSolution
		Debug|Any CPU = Debug|Any CPU
		Release|Any CPU = Release|Any CPU
	EndGlobalSection
	GlobalSection(ProjectConfigurationPlatforms) = postSolution
		{918B4E2F-71BE-470A-890E-A4BDCFC9392D}.Debug|Any CPU.ActiveCfg = Debug|Any CPU
		{918B4E2F-71BE-470A-890E-A4BDCFC9392D}.Debug|Any CPU.Build.0 = Debug|Any CPU
		{918B4E2F-71BE-470A-890E-A4BDCFC9392D}.Release|Any CPU.ActiveCfg = Release|Any CPU
		{918B4E2F-71BE-470A-890E-A4BDCFC9392D}.Release|Any CPU.Build.0 = Release|Any CPU
		{53F142D9-8515-4F6D-BE0C-BBA42BF12E19}.Debug|Any CPU.ActiveCfg = Debug|Any CPU
		{53F142D9-8515-4F6D-BE0C-BBA42BF12E19}.Debug|Any CPU.Build.0 = Debug|Any CPU
		{53F142D9-8515-4F6D-BE0C-BBA42BF12E19}.Release|Any CPU.ActiveCfg = Release|Any CPU
		{53F142D9-8515-4F6D-BE0C-BBA42BF12E19}.Release|Any CPU.Build.0 = Release|Any CPU
	EndGlobalSection
	GlobalSection(SolutionProperties) = preSolution
		HideSolutionNode = FALSE
	EndGlobalSection
	GlobalSection(ExtensibilityGlobals) = postSolution
		SolutionGuid = {2306E79D-86B3-4492-A76F-F1BF0917CF01}
	EndGlobalSection
EndGlobal
